
Microsoft Visual Studio Solution File, Format Version 12.00
# Visual Studio 15
Project("{FAE04EC0-301F-11D3-BF4B-00C04F79EFBC}") = "Assembly-CSharp", "Assembly-CSharp.csproj", "{DADE623A-330C-DAE2-5F01-7D25F5247DFA}"
EndProject
Global
	GlobalSection(SolutionConfigurationPlatforms) = preSolution
		Debug|Any CPU = Debug|Any CPU
		Release|Any CPU = Release|Any CPU
	EndGlobalSection
	GlobalSection(ProjectConfigurationPlatforms) = postSolution
		{DADE623A-330C-DAE2-5F01-7D25F5247DFA}.Debug|Any CPU.ActiveCfg = Debug|Any CPU
		{DADE623A-330C-DAE2-5F01-7D25F5247DFA}.Debug|Any CPU.Build.0 = Debug|Any CPU
		{DADE623A-330C-DAE2-5F01-7D25F5247DFA}.Release|Any CPU.ActiveCfg = Release|Any CPU
		{DADE623A-330C-DAE2-5F01-7D25F5247DFA}.Release|Any CPU.Build.0 = Release|Any CPU
	EndGlobalSection
	GlobalSection(SolutionProperties) = preSolution
		HideSolutionNode = FALSE
	EndGlobalSection
EndGlobal
